
Microsoft Visual Studio Solution File, Format Version 12.00
# Visual Studio Version 17
VisualStudioVersion = 17.8.34330.188
MinimumVisualStudioVersion = 10.0.40219.1
Project("{9A19103F-16F7-4668-BE54-9A1E7A4F7556}") = "CodeWithMe", "CodeWithMe.csproj", "{7A06E038-E172-4D91-BCFC-EE79DD137819}"
EndProject
Global
	GlobalSection(SolutionConfigurationPlatforms) = preSolution
		Debug|Any CPU = Debug|Any CPU
		Release|Any CPU = Release|Any CPU
	EndGlobalSection
	GlobalSection(ProjectConfigurationPlatforms) = postSolution
		{7A06E038-E172-4D91-BCFC-EE79DD137819}.Debug|Any CPU.ActiveCfg = Debug|Any CPU
		{7A06E038-E172-4D91-BCFC-EE79DD137819}.Debug|Any CPU.Build.0 = Debug|Any CPU
		{7A06E038-E172-4D91-BCFC-EE79DD137819}.Release|Any CPU.ActiveCfg = Release|Any CPU
		{7A06E038-E172-4D91-BCFC-EE79DD137819}.Release|Any CPU.Build.0 = Release|Any CPU
	EndGlobalSection
	GlobalSection(SolutionProperties) = preSolution
		HideSolutionNode = FALSE
	EndGlobalSection
	GlobalSection(ExtensibilityGlobals) = postSolution
		SolutionGuid = {D5A56289-BEC7-4E50-89C0-FB5F33A160A8}
	EndGlobalSection
EndGlobal
